
Microsoft Visual Studio Solution File, Format Version 12.00
# Visual Studio Version 16
VisualStudioVersion = 16.0.31727.386
MinimumVisualStudioVersion = 10.0.40219.1
Project("{9A19103F-16F7-4668-BE54-9A1E7A4F7556}") = "Targil0", "Targil0\Targil0.csproj", "{078BC993-DDC0-4DE6-9DE5-4B003998135B}"
EndProject
Project("{2150E333-8FDC-42A3-9474-1A3956D46DE8}") = "Solution Items", "Solution Items", "{70848853-B738-463B-AD03-BFFED59E51E8}"
	ProjectSection(SolutionItems) = preProject
		..\..\..\mini project\README.md = ..\..\..\mini project\README.md
	EndProjectSection
EndProject
Project("{2150E333-8FDC-42A3-9474-1A3956D46DE8}") = "Solution Items (2)", "Solution Items (2)", "{C25E84C1-68CC-4974-B620-90DBB617012F}"
	ProjectSection(SolutionItems) = preProject
		..\..\..\..\Documents\DotNet5782_9693_6462\README.md = ..\..\..\..\Documents\DotNet5782_9693_6462\README.md
	EndProjectSection
EndProject
Project("{9A19103F-16F7-4668-BE54-9A1E7A4F7556}") = "PL", "PL\PL.csproj", "{B06E228A-D391-432A-AF7E-E3C66E8AF301}"
EndProject
Project("{9A19103F-16F7-4668-BE54-9A1E7A4F7556}") = "DalFacade", "DalFacade\DalFacade.csproj", "{5DEAC9D5-4FCA-494B-A204-BBF991F3C4F5}"
EndProject
Project("{9A19103F-16F7-4668-BE54-9A1E7A4F7556}") = "DalXml", "DalXml\DalXml.csproj", "{82FEF78D-6390-4B87-98A3-BD1A00D19CD8}"
EndProject
Project("{9A19103F-16F7-4668-BE54-9A1E7A4F7556}") = "DalObject", "BLObject\DalObject.csproj", "{9DB629EF-87A0-444C-94E0-BE885238DC99}"
EndProject
Project("{9A19103F-16F7-4668-BE54-9A1E7A4F7556}") = "Console_Dal", "Console_Dal\Console_Dal.csproj", "{D0C6C346-6869-43A1-AA3C-6B7D73A7B81F}"
EndProject
Project("{9A19103F-16F7-4668-BE54-9A1E7A4F7556}") = "BL", "BLL\BL.csproj", "{80E3BE12-D7DA-49E1-99D3-D24632BBCFB2}"
EndProject
Project("{9A19103F-16F7-4668-BE54-9A1E7A4F7556}") = "Console_BL", "Console_BL\Console_BL.csproj", "{816F9CDA-DF45-4B8E-90D1-FD7A3B01C346}"
EndProject
Project("{2150E333-8FDC-42A3-9474-1A3956D46DE8}") = "xml", "xml", "{8A6DDF21-C5BF-4B72-AD22-8A9FB3B6480A}"
	ProjectSection(SolutionItems) = preProject
		dal_config.xml = dal_config.xml
	EndProjectSection
EndProject
Global
	GlobalSection(SolutionConfigurationPlatforms) = preSolution
		Debug|Any CPU = Debug|Any CPU
		Release|Any CPU = Release|Any CPU
	EndGlobalSection
	GlobalSection(ProjectConfigurationPlatforms) = postSolution
		{078BC993-DDC0-4DE6-9DE5-4B003998135B}.Debug|Any CPU.ActiveCfg = Debug|Any CPU
		{078BC993-DDC0-4DE6-9DE5-4B003998135B}.Release|Any CPU.ActiveCfg = Release|Any CPU
		{078BC993-DDC0-4DE6-9DE5-4B003998135B}.Release|Any CPU.Build.0 = Release|Any CPU
		{B06E228A-D391-432A-AF7E-E3C66E8AF301}.Debug|Any CPU.ActiveCfg = Debug|Any CPU
		{B06E228A-D391-432A-AF7E-E3C66E8AF301}.Debug|Any CPU.Build.0 = Debug|Any CPU
		{B06E228A-D391-432A-AF7E-E3C66E8AF301}.Release|Any CPU.ActiveCfg = Release|Any CPU
		{B06E228A-D391-432A-AF7E-E3C66E8AF301}.Release|Any CPU.Build.0 = Release|Any CPU
		{5DEAC9D5-4FCA-494B-A204-BBF991F3C4F5}.Debug|Any CPU.ActiveCfg = Debug|Any CPU
		{5DEAC9D5-4FCA-494B-A204-BBF991F3C4F5}.Debug|Any CPU.Build.0 = Debug|Any CPU
		{5DEAC9D5-4FCA-494B-A204-BBF991F3C4F5}.Release|Any CPU.ActiveCfg = Release|Any CPU
		{5DEAC9D5-4FCA-494B-A204-BBF991F3C4F5}.Release|Any CPU.Build.0 = Release|Any CPU
		{82FEF78D-6390-4B87-98A3-BD1A00D19CD8}.Debug|Any CPU.ActiveCfg = Debug|Any CPU
		{82FEF78D-6390-4B87-98A3-BD1A00D19CD8}.Debug|Any CPU.Build.0 = Debug|Any CPU
		{82FEF78D-6390-4B87-98A3-BD1A00D19CD8}.Release|Any CPU.ActiveCfg = Release|Any CPU
		{82FEF78D-6390-4B87-98A3-BD1A00D19CD8}.Release|Any CPU.Build.0 = Release|Any CPU
		{9DB629EF-87A0-444C-94E0-BE885238DC99}.Debug|Any CPU.ActiveCfg = Debug|Any CPU
		{9DB629EF-87A0-444C-94E0-BE885238DC99}.Debug|Any CPU.Build.0 = Debug|Any CPU
		{9DB629EF-87A0-444C-94E0-BE885238DC99}.Release|Any CPU.ActiveCfg = Release|Any CPU
		{9DB629EF-87A0-444C-94E0-BE885238DC99}.Release|Any CPU.Build.0 = Release|Any CPU
		{D0C6C346-6869-43A1-AA3C-6B7D73A7B81F}.Debug|Any CPU.ActiveCfg = Debug|Any CPU
		{D0C6C346-6869-43A1-AA3C-6B7D73A7B81F}.Debug|Any CPU.Build.0 = Debug|Any CPU
		{D0C6C346-6869-43A1-AA3C-6B7D73A7B81F}.Release|Any CPU.ActiveCfg = Release|Any CPU
		{D0C6C346-6869-43A1-AA3C-6B7D73A7B81F}.Release|Any CPU.Build.0 = Release|Any CPU
		{80E3BE12-D7DA-49E1-99D3-D24632BBCFB2}.Debug|Any CPU.ActiveCfg = Debug|Any CPU
		{80E3BE12-D7DA-49E1-99D3-D24632BBCFB2}.Debug|Any CPU.Build.0 = Debug|Any CPU
		{80E3BE12-D7DA-49E1-99D3-D24632BBCFB2}.Release|Any CPU.ActiveCfg = Release|Any CPU
		{80E3BE12-D7DA-49E1-99D3-D24632BBCFB2}.Release|Any CPU.Build.0 = Release|Any CPU
		{816F9CDA-DF45-4B8E-90D1-FD7A3B01C346}.Debug|Any CPU.ActiveCfg = Debug|Any CPU
		{816F9CDA-DF45-4B8E-90D1-FD7A3B01C346}.Debug|Any CPU.Build.0 = Debug|Any CPU
		{816F9CDA-DF45-4B8E-90D1-FD7A3B01C346}.Release|Any CPU.ActiveCfg = Release|Any CPU
		{816F9CDA-DF45-4B8E-90D1-FD7A3B01C346}.Release|Any CPU.Build.0 = Release|Any CPU
	EndGlobalSection
	GlobalSection(SolutionProperties) = preSolution
		HideSolutionNode = FALSE
	EndGlobalSection
	GlobalSection(ExtensibilityGlobals) = postSolution
		SolutionGuid = {46750902-C231-40F6-9B2F-E38762213F88}
	EndGlobalSection
EndGlobal
