
Microsoft Visual Studio Solution File, Format Version 12.00
# Visual Studio Version 16
VisualStudioVersion = 16.0.31727.386
MinimumVisualStudioVersion = 10.0.40219.1
Project("{9A19103F-16F7-4668-BE54-9A1E7A4F7556}") = "Targil0", "Targil0\Targil0.csproj", "{078BC993-DDC0-4DE6-9DE5-4B003998135B}"
EndProject
Project("{2150E333-8FDC-42A3-9474-1A3956D46DE8}") = "Solution Items", "Solution Items", "{70848853-B738-463B-AD03-BFFED59E51E8}"
	ProjectSection(SolutionItems) = preProject
		..\..\..\mini project\README.md = ..\..\..\mini project\README.md
	EndProjectSection
EndProject
Project("{2150E333-8FDC-42A3-9474-1A3956D46DE8}") = "Solution Items (2)", "Solution Items (2)", "{C25E84C1-68CC-4974-B620-90DBB617012F}"
	ProjectSection(SolutionItems) = preProject
		..\..\..\..\Documents\DotNet5782_9693_6462\README.md = ..\..\..\..\Documents\DotNet5782_9693_6462\README.md
	EndProjectSection
EndProject
Project("{9A19103F-16F7-4668-BE54-9A1E7A4F7556}") = "ConsoleUI", "ConsoleUI\ConsoleUI.csproj", "{0F19F302-736F-4BAD-986D-DAF0946342F6}"
EndProject
Project("{9A19103F-16F7-4668-BE54-9A1E7A4F7556}") = "DAL", "DAL\DAL.csproj", "{8C3BC252-D681-4153-BB4D-6D026C838819}"
EndProject
Project("{FAE04EC0-301F-11D3-BF4B-00C04F79EFBC}") = "BL", "BL\BL.csproj", "{7E2C42F0-B875-4687-91DC-2F64A2E57098}"
EndProject
Global
	GlobalSection(SolutionConfigurationPlatforms) = preSolution
		Debug|Any CPU = Debug|Any CPU
		Release|Any CPU = Release|Any CPU
	EndGlobalSection
	GlobalSection(ProjectConfigurationPlatforms) = postSolution
		{078BC993-DDC0-4DE6-9DE5-4B003998135B}.Debug|Any CPU.ActiveCfg = Debug|Any CPU
		{078BC993-DDC0-4DE6-9DE5-4B003998135B}.Debug|Any CPU.Build.0 = Debug|Any CPU
		{078BC993-DDC0-4DE6-9DE5-4B003998135B}.Release|Any CPU.ActiveCfg = Release|Any CPU
		{078BC993-DDC0-4DE6-9DE5-4B003998135B}.Release|Any CPU.Build.0 = Release|Any CPU
		{0F19F302-736F-4BAD-986D-DAF0946342F6}.Debug|Any CPU.ActiveCfg = Debug|Any CPU
		{0F19F302-736F-4BAD-986D-DAF0946342F6}.Debug|Any CPU.Build.0 = Debug|Any CPU
		{0F19F302-736F-4BAD-986D-DAF0946342F6}.Release|Any CPU.ActiveCfg = Release|Any CPU
		{0F19F302-736F-4BAD-986D-DAF0946342F6}.Release|Any CPU.Build.0 = Release|Any CPU
		{8C3BC252-D681-4153-BB4D-6D026C838819}.Debug|Any CPU.ActiveCfg = Debug|Any CPU
		{8C3BC252-D681-4153-BB4D-6D026C838819}.Debug|Any CPU.Build.0 = Debug|Any CPU
		{8C3BC252-D681-4153-BB4D-6D026C838819}.Release|Any CPU.ActiveCfg = Release|Any CPU
		{8C3BC252-D681-4153-BB4D-6D026C838819}.Release|Any CPU.Build.0 = Release|Any CPU
		{7E2C42F0-B875-4687-91DC-2F64A2E57098}.Debug|Any CPU.ActiveCfg = Debug|Any CPU
		{7E2C42F0-B875-4687-91DC-2F64A2E57098}.Debug|Any CPU.Build.0 = Debug|Any CPU
		{7E2C42F0-B875-4687-91DC-2F64A2E57098}.Release|Any CPU.ActiveCfg = Release|Any CPU
		{7E2C42F0-B875-4687-91DC-2F64A2E57098}.Release|Any CPU.Build.0 = Release|Any CPU
	EndGlobalSection
	GlobalSection(SolutionProperties) = preSolution
		HideSolutionNode = FALSE
	EndGlobalSection
	GlobalSection(ExtensibilityGlobals) = postSolution
		SolutionGuid = {46750902-C231-40F6-9B2F-E38762213F88}
	EndGlobalSection
EndGlobal
